
Microsoft Visual Studio Solution File, Format Version 12.00
# Visual Studio 15
VisualStudioVersion = 15.0.27428.2043
MinimumVisualStudioVersion = 10.0.40219.1
Project("{FAE04EC0-301F-11D3-BF4B-00C04F79EFBC}") = "Charger", "Charger\Charger.csproj", "{37C150C5-F30D-4123-A303-37F6907F641A}"
EndProject
Global
	GlobalSection(SolutionConfigurationPlatforms) = preSolution
		Debug|Any CPU = Debug|Any CPU
		Release|Any CPU = Release|Any CPU
	EndGlobalSection
	GlobalSection(ProjectConfigurationPlatforms) = postSolution
		{37C150C5-F30D-4123-A303-37F6907F641A}.Debug|Any CPU.ActiveCfg = Debug|Any CPU
		{37C150C5-F30D-4123-A303-37F6907F641A}.Debug|Any CPU.Build.0 = Debug|Any CPU
		{37C150C5-F30D-4123-A303-37F6907F641A}.Debug|Any CPU.Deploy.0 = Debug|Any CPU
		{37C150C5-F30D-4123-A303-37F6907F641A}.Release|Any CPU.ActiveCfg = Release|Any CPU
		{37C150C5-F30D-4123-A303-37F6907F641A}.Release|Any CPU.Build.0 = Release|Any CPU
		{37C150C5-F30D-4123-A303-37F6907F641A}.Release|Any CPU.Deploy.0 = Release|Any CPU
	EndGlobalSection
	GlobalSection(SolutionProperties) = preSolution
		HideSolutionNode = FALSE
	EndGlobalSection
	GlobalSection(ExtensibilityGlobals) = postSolution
		SolutionGuid = {8A467F23-55E4-434F-A91F-60C814C6B814}
	EndGlobalSection
EndGlobal
